
Microsoft Visual Studio Solution File, Format Version 12.00
# Visual Studio 15
Project("{FAE04EC0-301F-11D3-BF4B-00C04F79EFBC}") = "Assembly-CSharp-firstpass", "Assembly-CSharp-firstpass.csproj", "{3F23A20F-0C13-B071-CA3B-B5AE6056D249}"
EndProject
Project("{FAE04EC0-301F-11D3-BF4B-00C04F79EFBC}") = "Assembly-CSharp", "Assembly-CSharp.csproj", "{B337E3C0-784E-BF18-3233-B1C7527C7B52}"
EndProject
Project("{FAE04EC0-301F-11D3-BF4B-00C04F79EFBC}") = "Assembly-CSharp-Editor-firstpass", "Assembly-CSharp-Editor-firstpass.csproj", "{C6DDA6C8-50CC-0E89-F288-DB08D79AFE97}"
EndProject
Global
	GlobalSection(SolutionConfigurationPlatforms) = preSolution
		Debug|Any CPU = Debug|Any CPU
		Release|Any CPU = Release|Any CPU
	EndGlobalSection
	GlobalSection(ProjectConfigurationPlatforms) = postSolution
		{3F23A20F-0C13-B071-CA3B-B5AE6056D249}.Debug|Any CPU.ActiveCfg = Debug|Any CPU
		{3F23A20F-0C13-B071-CA3B-B5AE6056D249}.Debug|Any CPU.Build.0 = Debug|Any CPU
		{3F23A20F-0C13-B071-CA3B-B5AE6056D249}.Release|Any CPU.ActiveCfg = Release|Any CPU
		{3F23A20F-0C13-B071-CA3B-B5AE6056D249}.Release|Any CPU.Build.0 = Release|Any CPU
		{B337E3C0-784E-BF18-3233-B1C7527C7B52}.Debug|Any CPU.ActiveCfg = Debug|Any CPU
		{B337E3C0-784E-BF18-3233-B1C7527C7B52}.Debug|Any CPU.Build.0 = Debug|Any CPU
		{B337E3C0-784E-BF18-3233-B1C7527C7B52}.Release|Any CPU.ActiveCfg = Release|Any CPU
		{B337E3C0-784E-BF18-3233-B1C7527C7B52}.Release|Any CPU.Build.0 = Release|Any CPU
		{C6DDA6C8-50CC-0E89-F288-DB08D79AFE97}.Debug|Any CPU.ActiveCfg = Debug|Any CPU
		{C6DDA6C8-50CC-0E89-F288-DB08D79AFE97}.Debug|Any CPU.Build.0 = Debug|Any CPU
		{C6DDA6C8-50CC-0E89-F288-DB08D79AFE97}.Release|Any CPU.ActiveCfg = Release|Any CPU
		{C6DDA6C8-50CC-0E89-F288-DB08D79AFE97}.Release|Any CPU.Build.0 = Release|Any CPU
	EndGlobalSection
	GlobalSection(SolutionProperties) = preSolution
		HideSolutionNode = FALSE
	EndGlobalSection
	GlobalSection(MonoDevelopProperties) = preSolution
		StartupItem = Assembly-CSharp.csproj
	EndGlobalSection
EndGlobal
